
Microsoft Visual Studio Solution File, Format Version 12.00
# Visual Studio Version 17
VisualStudioVersion = 17.5.002.0
MinimumVisualStudioVersion = 10.0.40219.1
Project("{9A19103F-16F7-4668-BE54-9A1E7A4F7556}") = ".", "..csproj", "{152DE743-972E-4A12-ADCC-554987F8805C}"
EndProject
Global
	GlobalSection(SolutionConfigurationPlatforms) = preSolution
		Debug|Any CPU = Debug|Any CPU
		Release|Any CPU = Release|Any CPU
	EndGlobalSection
	GlobalSection(ProjectConfigurationPlatforms) = postSolution
		{152DE743-972E-4A12-ADCC-554987F8805C}.Debug|Any CPU.ActiveCfg = Debug|Any CPU
		{152DE743-972E-4A12-ADCC-554987F8805C}.Debug|Any CPU.Build.0 = Debug|Any CPU
		{152DE743-972E-4A12-ADCC-554987F8805C}.Release|Any CPU.ActiveCfg = Release|Any CPU
		{152DE743-972E-4A12-ADCC-554987F8805C}.Release|Any CPU.Build.0 = Release|Any CPU
	EndGlobalSection
	GlobalSection(SolutionProperties) = preSolution
		HideSolutionNode = FALSE
	EndGlobalSection
	GlobalSection(ExtensibilityGlobals) = postSolution
		SolutionGuid = {8A5739E6-C921-4B97-84AB-E4A1DE44B2CF}
	EndGlobalSection
EndGlobal
